// !$*UTF8*$!
{
	archiveVersion = 1;
	classes = {
	};
	objectVersion = 55;
	objects = {

/* Begin PBXBuildFile section */
		714D904327BA69A500770F4E /* App.swift in Sources */ = {isa = PBXBuildFile; fileRef = 714D903327BA69A300770F4E /* App.swift */; };
		714D904727BA69A500770F4E /* Assets.xcassets in Resources */ = {isa = PBXBuildFile; fileRef = 714D903527BA69A500770F4E /* Assets.xcassets */; };
		718F21402861266000B2071D /* AmbassadorApp.swift in Sources */ = {isa = PBXBuildFile; fileRef = 718F213F2861266000B2071D /* AmbassadorApp.swift */; };
		718F21442861266C00B2071D /* Assets.xcassets in Resources */ = {isa = PBXBuildFile; fileRef = 718F21432861266C00B2071D /* Assets.xcassets */; };
		718F21472861266C00B2071D /* Preview Assets.xcassets in Resources */ = {isa = PBXBuildFile; fileRef = 718F21462861266C00B2071D /* Preview Assets.xcassets */; };
		718F214E286128DA00B2071D /* Analytics in Frameworks */ = {isa = PBXBuildFile; productRef = 718F214D286128DA00B2071D /* Analytics */; };
		718F214F28612B4900B2071D /* Localizable.strings in Resources */ = {isa = PBXBuildFile; fileRef = 71F49B1827BD8A4B00E2704E /* Localizable.strings */; };
		718F21562861395C00B2071D /* AppFeature in Frameworks */ = {isa = PBXBuildFile; productRef = 718F21552861395C00B2071D /* AppFeature */; };
		7194E7FD27BAA2C80022D043 /* AppFeature in Frameworks */ = {isa = PBXBuildFile; productRef = 7194E7FC27BAA2C80022D043 /* AppFeature */; };
		71D410AD27D13E4800A6EDE2 /* Media.xcassets in Resources */ = {isa = PBXBuildFile; fileRef = 71D410AC27D13E4800A6EDE2 /* Media.xcassets */; };
		71DD779D27C4173A006AB459 /* Analytics in Frameworks */ = {isa = PBXBuildFile; productRef = 71DD779C27C4173A006AB459 /* Analytics */; };
		71F49B1B27BD8CB600E2704E /* Localizable.strings in Resources */ = {isa = PBXBuildFile; fileRef = 71F49B1827BD8A4B00E2704E /* Localizable.strings */; };
/* End PBXBuildFile section */

/* Begin PBXFileReference section */
		714D903327BA69A300770F4E /* App.swift */ = {isa = PBXFileReference; lastKnownFileType = sourcecode.swift; path = App.swift; sourceTree = "<group>"; };
		714D903527BA69A500770F4E /* Assets.xcassets */ = {isa = PBXFileReference; lastKnownFileType = folder.assetcatalog; path = Assets.xcassets; sourceTree = "<group>"; };
		714D903A27BA69A500770F4E /* VEXA.app */ = {isa = PBXFileReference; explicitFileType = wrapper.application; includeInIndex = 0; path = VEXA.app; sourceTree = BUILT_PRODUCTS_DIR; };
		718F213D2861266000B2071D /* Ambassador.app */ = {isa = PBXFileReference; explicitFileType = wrapper.application; includeInIndex = 0; path = Ambassador.app; sourceTree = BUILT_PRODUCTS_DIR; };
		718F213F2861266000B2071D /* AmbassadorApp.swift */ = {isa = PBXFileReference; lastKnownFileType = sourcecode.swift; path = AmbassadorApp.swift; sourceTree = "<group>"; };
		718F21432861266C00B2071D /* Assets.xcassets */ = {isa = PBXFileReference; lastKnownFileType = folder.assetcatalog; path = Assets.xcassets; sourceTree = "<group>"; };
		718F21462861266C00B2071D /* Preview Assets.xcassets */ = {isa = PBXFileReference; lastKnownFileType = folder.assetcatalog; path = "Preview Assets.xcassets"; sourceTree = "<group>"; };
		718F215028612CDE00B2071D /* Ambassador.entitlements */ = {isa = PBXFileReference; lastKnownFileType = text.plist.entitlements; path = Ambassador.entitlements; sourceTree = "<group>"; };
		7194E7FA27BAA2990022D043 /* VEXA */ = {isa = PBXFileReference; lastKnownFileType = wrapper; name = VEXA; path = ..; sourceTree = "<group>"; };
		71D410AC27D13E4800A6EDE2 /* Media.xcassets */ = {isa = PBXFileReference; lastKnownFileType = folder.assetcatalog; path = Media.xcassets; sourceTree = "<group>"; };
		71F49B1727BD8A4B00E2704E /* en */ = {isa = PBXFileReference; lastKnownFileType = text.plist.strings; name = en; path = en.lproj/Localizable.strings; sourceTree = "<group>"; };
		71F49B1927BD8A6C00E2704E /* ru */ = {isa = PBXFileReference; lastKnownFileType = text.plist.strings; name = ru; path = ru.lproj/Localizable.strings; sourceTree = "<group>"; };
/* End PBXFileReference section */

/* Begin PBXFrameworksBuildPhase section */
		714D903727BA69A500770F4E /* Frameworks */ = {
			isa = PBXFrameworksBuildPhase;
			buildActionMask = 2147483647;
			files = (
				7194E7FD27BAA2C80022D043 /* AppFeature in Frameworks */,
				71DD779D27C4173A006AB459 /* Analytics in Frameworks */,
			);
			runOnlyForDeploymentPostprocessing = 0;
		};
		718F213A2861266000B2071D /* Frameworks */ = {
			isa = PBXFrameworksBuildPhase;
			buildActionMask = 2147483647;
			files = (
				718F214E286128DA00B2071D /* Analytics in Frameworks */,
				718F21562861395C00B2071D /* AppFeature in Frameworks */,
			);
			runOnlyForDeploymentPostprocessing = 0;
		};
/* End PBXFrameworksBuildPhase section */

/* Begin PBXGroup section */
		7107F64D27BA91EF00870239 /* iOS */ = {
			isa = PBXGroup;
			children = (
				714D903527BA69A500770F4E /* Assets.xcassets */,
				714D903327BA69A300770F4E /* App.swift */,
				71D410AC27D13E4800A6EDE2 /* Media.xcassets */,
			);
			path = iOS;
			sourceTree = "<group>";
		};
		714D902D27BA69A300770F4E = {
			isa = PBXGroup;
			children = (
				71F49B1827BD8A4B00E2704E /* Localizable.strings */,
				7194E7FA27BAA2990022D043 /* VEXA */,
				7107F64D27BA91EF00870239 /* iOS */,
				718F213E2861266000B2071D /* Ambassador */,
				714D903B27BA69A500770F4E /* Products */,
				7194E7FB27BAA2C80022D043 /* Frameworks */,
			);
			sourceTree = "<group>";
		};
		714D903B27BA69A500770F4E /* Products */ = {
			isa = PBXGroup;
			children = (
				714D903A27BA69A500770F4E /* VEXA.app */,
				718F213D2861266000B2071D /* Ambassador.app */,
			);
			name = Products;
			sourceTree = "<group>";
		};
		718F213E2861266000B2071D /* Ambassador */ = {
			isa = PBXGroup;
			children = (
				718F215028612CDE00B2071D /* Ambassador.entitlements */,
				718F213F2861266000B2071D /* AmbassadorApp.swift */,
				718F21432861266C00B2071D /* Assets.xcassets */,
				718F21452861266C00B2071D /* Preview Content */,
			);
			path = Ambassador;
			sourceTree = "<group>";
		};
		718F21452861266C00B2071D /* Preview Content */ = {
			isa = PBXGroup;
			children = (
				718F21462861266C00B2071D /* Preview Assets.xcassets */,
			);
			path = "Preview Content";
			sourceTree = "<group>";
		};
		7194E7FB27BAA2C80022D043 /* Frameworks */ = {
			isa = PBXGroup;
			children = (
			);
			name = Frameworks;
			sourceTree = "<group>";
		};
/* End PBXGroup section */

/* Begin PBXNativeTarget section */
		714D903927BA69A500770F4E /* VEXA (iOS) */ = {
			isa = PBXNativeTarget;
			buildConfigurationList = 714D904B27BA69A500770F4E /* Build configuration list for PBXNativeTarget "VEXA (iOS)" */;
			buildPhases = (
				714D903627BA69A500770F4E /* Sources */,
				714D903727BA69A500770F4E /* Frameworks */,
				714D903827BA69A500770F4E /* Resources */,
			);
			buildRules = (
			);
			dependencies = (
			);
			name = "VEXA (iOS)";
			packageProductDependencies = (
				7194E7FC27BAA2C80022D043 /* AppFeature */,
				71DD779C27C4173A006AB459 /* Analytics */,
			);
			productName = "VEXA (iOS)";
			productReference = 714D903A27BA69A500770F4E /* VEXA.app */;
			productType = "com.apple.product-type.application";
		};
		718F213C2861266000B2071D /* Ambassador */ = {
			isa = PBXNativeTarget;
			buildConfigurationList = 718F214A2861266C00B2071D /* Build configuration list for PBXNativeTarget "Ambassador" */;
			buildPhases = (
				718F21392861266000B2071D /* Sources */,
				718F213A2861266000B2071D /* Frameworks */,
				718F213B2861266000B2071D /* Resources */,
			);
			buildRules = (
			);
			dependencies = (
			);
			name = Ambassador;
			packageProductDependencies = (
				718F214D286128DA00B2071D /* Analytics */,
				718F21552861395C00B2071D /* AppFeature */,
			);
			productName = Ambassador;
			productReference = 718F213D2861266000B2071D /* Ambassador.app */;
			productType = "com.apple.product-type.application";
		};
/* End PBXNativeTarget section */

/* Begin PBXProject section */
		714D902E27BA69A300770F4E /* Project object */ = {
			isa = PBXProject;
			attributes = {
				BuildIndependentTargetsInParallel = 1;
				LastSwiftUpdateCheck = 1340;
				LastUpgradeCheck = 1320;
				TargetAttributes = {
					714D903927BA69A500770F4E = {
						CreatedOnToolsVersion = 13.2.1;
					};
					718F213C2861266000B2071D = {
						CreatedOnToolsVersion = 13.4.1;
					};
				};
			};
			buildConfigurationList = 714D903127BA69A300770F4E /* Build configuration list for PBXProject "VEXA" */;
			compatibilityVersion = "Xcode 13.0";
			developmentRegion = en;
			hasScannedForEncodings = 0;
			knownRegions = (
				en,
				Base,
				ru,
			);
			mainGroup = 714D902D27BA69A300770F4E;
			packageReferences = (
				71DD779727C40AFF006AB459 /* XCRemoteSwiftPackageReference "firebase-ios-sdk" */,
			);
			productRefGroup = 714D903B27BA69A500770F4E /* Products */;
			projectDirPath = "";
			projectRoot = "";
			targets = (
				714D903927BA69A500770F4E /* VEXA (iOS) */,
				718F213C2861266000B2071D /* Ambassador */,
			);
		};
/* End PBXProject section */

/* Begin PBXResourcesBuildPhase section */
		714D903827BA69A500770F4E /* Resources */ = {
			isa = PBXResourcesBuildPhase;
			buildActionMask = 2147483647;
			files = (
				714D904727BA69A500770F4E /* Assets.xcassets in Resources */,
				71F49B1B27BD8CB600E2704E /* Localizable.strings in Resources */,
				71D410AD27D13E4800A6EDE2 /* Media.xcassets in Resources */,
			);
			runOnlyForDeploymentPostprocessing = 0;
		};
		718F213B2861266000B2071D /* Resources */ = {
			isa = PBXResourcesBuildPhase;
			buildActionMask = 2147483647;
			files = (
				718F21472861266C00B2071D /* Preview Assets.xcassets in Resources */,
				718F214F28612B4900B2071D /* Localizable.strings in Resources */,
				718F21442861266C00B2071D /* Assets.xcassets in Resources */,
			);
			runOnlyForDeploymentPostprocessing = 0;
		};
/* End PBXResourcesBuildPhase section */

/* Begin PBXSourcesBuildPhase section */
		714D903627BA69A500770F4E /* Sources */ = {
			isa = PBXSourcesBuildPhase;
			buildActionMask = 2147483647;
			files = (
				714D904327BA69A500770F4E /* App.swift in Sources */,
			);
			runOnlyForDeploymentPostprocessing = 0;
		};
		718F21392861266000B2071D /* Sources */ = {
			isa = PBXSourcesBuildPhase;
			buildActionMask = 2147483647;
			files = (
				718F21402861266000B2071D /* AmbassadorApp.swift in Sources */,
			);
			runOnlyForDeploymentPostprocessing = 0;
		};
/* End PBXSourcesBuildPhase section */

/* Begin PBXVariantGroup section */
		71F49B1827BD8A4B00E2704E /* Localizable.strings */ = {
			isa = PBXVariantGroup;
			children = (
				71F49B1727BD8A4B00E2704E /* en */,
				71F49B1927BD8A6C00E2704E /* ru */,
			);
			name = Localizable.strings;
			sourceTree = "<group>";
		};
/* End PBXVariantGroup section */

/* Begin XCBuildConfiguration section */
		714D904927BA69A500770F4E /* Debug */ = {
			isa = XCBuildConfiguration;
			buildSettings = {
				ALWAYS_SEARCH_USER_PATHS = NO;
				CLANG_ANALYZER_LOCALIZABILITY_NONLOCALIZED = YES;
				CLANG_ANALYZER_NONNULL = YES;
				CLANG_ANALYZER_NUMBER_OBJECT_CONVERSION = YES_AGGRESSIVE;
				CLANG_CXX_LANGUAGE_STANDARD = "gnu++17";
				CLANG_CXX_LIBRARY = "libc++";
				CLANG_ENABLE_MODULES = YES;
				CLANG_ENABLE_OBJC_ARC = YES;
				CLANG_ENABLE_OBJC_WEAK = YES;
				CLANG_WARN_BLOCK_CAPTURE_AUTORELEASING = YES;
				CLANG_WARN_BOOL_CONVERSION = YES;
				CLANG_WARN_COMMA = YES;
				CLANG_WARN_CONSTANT_CONVERSION = YES;
				CLANG_WARN_DEPRECATED_OBJC_IMPLEMENTATIONS = YES;
				CLANG_WARN_DIRECT_OBJC_ISA_USAGE = YES_ERROR;
				CLANG_WARN_DOCUMENTATION_COMMENTS = YES;
				CLANG_WARN_EMPTY_BODY = YES;
				CLANG_WARN_ENUM_CONVERSION = YES;
				CLANG_WARN_INFINITE_RECURSION = YES;
				CLANG_WARN_INT_CONVERSION = YES;
				CLANG_WARN_NON_LITERAL_NULL_CONVERSION = YES;
				CLANG_WARN_OBJC_IMPLICIT_RETAIN_SELF = YES;
				CLANG_WARN_OBJC_LITERAL_CONVERSION = YES;
				CLANG_WARN_OBJC_ROOT_CLASS = YES_ERROR;
				CLANG_WARN_QUOTED_INCLUDE_IN_FRAMEWORK_HEADER = YES;
				CLANG_WARN_RANGE_LOOP_ANALYSIS = YES;
				CLANG_WARN_STRICT_PROTOTYPES = YES;
				CLANG_WARN_SUSPICIOUS_MOVE = YES;
				CLANG_WARN_UNGUARDED_AVAILABILITY = YES_AGGRESSIVE;
				CLANG_WARN_UNREACHABLE_CODE = YES;
				CLANG_WARN__DUPLICATE_METHOD_MATCH = YES;
				COPY_PHASE_STRIP = NO;
				DEBUG_INFORMATION_FORMAT = dwarf;
				ENABLE_STRICT_OBJC_MSGSEND = YES;
				ENABLE_TESTABILITY = YES;
				GCC_C_LANGUAGE_STANDARD = gnu11;
				GCC_DYNAMIC_NO_PIC = NO;
				GCC_NO_COMMON_BLOCKS = YES;
				GCC_OPTIMIZATION_LEVEL = 0;
				GCC_PREPROCESSOR_DEFINITIONS = (
					"DEBUG=1",
					"$(inherited)",
				);
				GCC_WARN_64_TO_32_BIT_CONVERSION = YES;
				GCC_WARN_ABOUT_RETURN_TYPE = YES_ERROR;
				GCC_WARN_UNDECLARED_SELECTOR = YES;
				GCC_WARN_UNINITIALIZED_AUTOS = YES_AGGRESSIVE;
				GCC_WARN_UNUSED_FUNCTION = YES;
				GCC_WARN_UNUSED_VARIABLE = YES;
				MTL_ENABLE_DEBUG_INFO = INCLUDE_SOURCE;
				MTL_FAST_MATH = YES;
				ONLY_ACTIVE_ARCH = YES;
				SWIFT_ACTIVE_COMPILATION_CONDITIONS = DEBUG;
				SWIFT_OPTIMIZATION_LEVEL = "-Onone";
			};
			name = Debug;
		};
		714D904A27BA69A500770F4E /* Release */ = {
			isa = XCBuildConfiguration;
			buildSettings = {
				ALWAYS_SEARCH_USER_PATHS = NO;
				CLANG_ANALYZER_LOCALIZABILITY_NONLOCALIZED = YES;
				CLANG_ANALYZER_NONNULL = YES;
				CLANG_ANALYZER_NUMBER_OBJECT_CONVERSION = YES_AGGRESSIVE;
				CLANG_CXX_LANGUAGE_STANDARD = "gnu++17";
				CLANG_CXX_LIBRARY = "libc++";
				CLANG_ENABLE_MODULES = YES;
				CLANG_ENABLE_OBJC_ARC = YES;
				CLANG_ENABLE_OBJC_WEAK = YES;
				CLANG_WARN_BLOCK_CAPTURE_AUTORELEASING = YES;
				CLANG_WARN_BOOL_CONVERSION = YES;
				CLANG_WARN_COMMA = YES;
				CLANG_WARN_CONSTANT_CONVERSION = YES;
				CLANG_WARN_DEPRECATED_OBJC_IMPLEMENTATIONS = YES;
				CLANG_WARN_DIRECT_OBJC_ISA_USAGE = YES_ERROR;
				CLANG_WARN_DOCUMENTATION_COMMENTS = YES;
				CLANG_WARN_EMPTY_BODY = YES;
				CLANG_WARN_ENUM_CONVERSION = YES;
				CLANG_WARN_INFINITE_RECURSION = YES;
				CLANG_WARN_INT_CONVERSION = YES;
				CLANG_WARN_NON_LITERAL_NULL_CONVERSION = YES;
				CLANG_WARN_OBJC_IMPLICIT_RETAIN_SELF = YES;
				CLANG_WARN_OBJC_LITERAL_CONVERSION = YES;
				CLANG_WARN_OBJC_ROOT_CLASS = YES_ERROR;
				CLANG_WARN_QUOTED_INCLUDE_IN_FRAMEWORK_HEADER = YES;
				CLANG_WARN_RANGE_LOOP_ANALYSIS = YES;
				CLANG_WARN_STRICT_PROTOTYPES = YES;
				CLANG_WARN_SUSPICIOUS_MOVE = YES;
				CLANG_WARN_UNGUARDED_AVAILABILITY = YES_AGGRESSIVE;
				CLANG_WARN_UNREACHABLE_CODE = YES;
				CLANG_WARN__DUPLICATE_METHOD_MATCH = YES;
				COPY_PHASE_STRIP = NO;
				DEBUG_INFORMATION_FORMAT = "dwarf-with-dsym";
				ENABLE_NS_ASSERTIONS = NO;
				ENABLE_STRICT_OBJC_MSGSEND = YES;
				GCC_C_LANGUAGE_STANDARD = gnu11;
				GCC_NO_COMMON_BLOCKS = YES;
				GCC_WARN_64_TO_32_BIT_CONVERSION = YES;
				GCC_WARN_ABOUT_RETURN_TYPE = YES_ERROR;
				GCC_WARN_UNDECLARED_SELECTOR = YES;
				GCC_WARN_UNINITIALIZED_AUTOS = YES_AGGRESSIVE;
				GCC_WARN_UNUSED_FUNCTION = YES;
				GCC_WARN_UNUSED_VARIABLE = YES;
				MTL_ENABLE_DEBUG_INFO = NO;
				MTL_FAST_MATH = YES;
				SWIFT_COMPILATION_MODE = wholemodule;
				SWIFT_OPTIMIZATION_LEVEL = "-O";
			};
			name = Release;
		};
		714D904C27BA69A500770F4E /* Debug */ = {
			isa = XCBuildConfiguration;
			buildSettings = {
				ASSETCATALOG_COMPILER_APPICON_NAME = AppIcon;
				ASSETCATALOG_COMPILER_GLOBAL_ACCENT_COLOR_NAME = AccentColor;
				CODE_SIGN_ENTITLEMENTS = iOS/VEXA.entitlements;
				CODE_SIGN_IDENTITY = "Apple Development";
				CODE_SIGN_STYLE = Automatic;
				CURRENT_PROJECT_VERSION = 1;
				DEVELOPMENT_TEAM = 9KTCLUT7B4;
				ENABLE_PREVIEWS = YES;
				GENERATE_INFOPLIST_FILE = YES;
				INFOPLIST_FILE = "iOS/VEXA-Info.plist";
				INFOPLIST_KEY_CFBundleDisplayName = VEXA;
				INFOPLIST_KEY_NSCameraUsageDescription = "Для загрузки контента";
				INFOPLIST_KEY_NSFaceIDUsageDescription = faceid_description;
				INFOPLIST_KEY_UIApplicationSceneManifest_Generation = YES;
				INFOPLIST_KEY_UIApplicationSupportsIndirectInputEvents = YES;
				INFOPLIST_KEY_UILaunchScreen_Generation = YES;
				INFOPLIST_KEY_UISupportedInterfaceOrientations = UIInterfaceOrientationPortrait;
				INFOPLIST_KEY_UISupportedInterfaceOrientations_iPad = "UIInterfaceOrientationPortrait UIInterfaceOrientationPortraitUpsideDown UIInterfaceOrientationLandscapeLeft UIInterfaceOrientationLandscapeRight";
				INFOPLIST_KEY_UISupportedInterfaceOrientations_iPhone = "UIInterfaceOrientationPortrait UIInterfaceOrientationLandscapeLeft UIInterfaceOrientationLandscapeRight";
				INFOPLIST_KEY_UIUserInterfaceStyle = Light;
				IPHONEOS_DEPLOYMENT_TARGET = 15.0;
				LD_RUNPATH_SEARCH_PATHS = (
					"$(inherited)",
					"@executable_path/Frameworks",
				);
				MARKETING_VERSION = 0.0.1;
				OTHER_LDFLAGS = "-ObjC";
				PRODUCT_BUNDLE_IDENTIFIER = com.vexa;
				PRODUCT_NAME = VEXA;
				PROVISIONING_PROFILE_SPECIFIER = "";
				SDKROOT = iphoneos;
				SWIFT_ACTIVE_COMPILATION_CONDITIONS = DEBUG;
				SWIFT_EMIT_LOC_STRINGS = YES;
				SWIFT_VERSION = 5.0;
				TARGETED_DEVICE_FAMILY = 1;
			};
			name = Debug;
		};
		714D904D27BA69A500770F4E /* Release */ = {
			isa = XCBuildConfiguration;
			buildSettings = {
				ASSETCATALOG_COMPILER_APPICON_NAME = AppIcon;
				ASSETCATALOG_COMPILER_GLOBAL_ACCENT_COLOR_NAME = AccentColor;
				CODE_SIGN_ENTITLEMENTS = iOS/VEXA.entitlements;
				CODE_SIGN_IDENTITY = "Apple Development";
				CODE_SIGN_STYLE = Automatic;
				CURRENT_PROJECT_VERSION = 1;
				DEVELOPMENT_TEAM = 9KTCLUT7B4;
				ENABLE_PREVIEWS = YES;
				GENERATE_INFOPLIST_FILE = YES;
				INFOPLIST_FILE = "iOS/VEXA-Info.plist";
				INFOPLIST_KEY_CFBundleDisplayName = VEXA;
				INFOPLIST_KEY_NSCameraUsageDescription = "Для загрузки контента";
				INFOPLIST_KEY_NSFaceIDUsageDescription = faceid_description;
				INFOPLIST_KEY_UIApplicationSceneManifest_Generation = YES;
				INFOPLIST_KEY_UIApplicationSupportsIndirectInputEvents = YES;
				INFOPLIST_KEY_UILaunchScreen_Generation = YES;
				INFOPLIST_KEY_UISupportedInterfaceOrientations = UIInterfaceOrientationPortrait;
				INFOPLIST_KEY_UISupportedInterfaceOrientations_iPad = "UIInterfaceOrientationPortrait UIInterfaceOrientationPortraitUpsideDown UIInterfaceOrientationLandscapeLeft UIInterfaceOrientationLandscapeRight";
				INFOPLIST_KEY_UISupportedInterfaceOrientations_iPhone = "UIInterfaceOrientationPortrait UIInterfaceOrientationLandscapeLeft UIInterfaceOrientationLandscapeRight";
				INFOPLIST_KEY_UIUserInterfaceStyle = Light;
				IPHONEOS_DEPLOYMENT_TARGET = 15.0;
				LD_RUNPATH_SEARCH_PATHS = (
					"$(inherited)",
					"@executable_path/Frameworks",
				);
				MARKETING_VERSION = 0.0.1;
				OTHER_LDFLAGS = "-ObjC";
				PRODUCT_BUNDLE_IDENTIFIER = com.vexa;
				PRODUCT_NAME = VEXA;
				PROVISIONING_PROFILE_SPECIFIER = "";
				SDKROOT = iphoneos;
				SWIFT_EMIT_LOC_STRINGS = YES;
				SWIFT_VERSION = 5.0;
				TARGETED_DEVICE_FAMILY = 1;
				VALIDATE_PRODUCT = YES;
			};
			name = Release;
		};
		718F21482861266C00B2071D /* Debug */ = {
			isa = XCBuildConfiguration;
			buildSettings = {
				ASSETCATALOG_COMPILER_APPICON_NAME = AppIcon;
				ASSETCATALOG_COMPILER_GLOBAL_ACCENT_COLOR_NAME = AccentColor;
				CODE_SIGN_ENTITLEMENTS = Ambassador/Ambassador.entitlements;
				CODE_SIGN_STYLE = Automatic;
				CURRENT_PROJECT_VERSION = 1;
				DEVELOPMENT_ASSET_PATHS = "\"Ambassador/Preview Content\"";
				DEVELOPMENT_TEAM = 98A95ZRNVF;
				ENABLE_PREVIEWS = YES;
				GENERATE_INFOPLIST_FILE = YES;
				INFOPLIST_KEY_UIApplicationSceneManifest_Generation = YES;
				INFOPLIST_KEY_UIApplicationSupportsIndirectInputEvents = YES;
				INFOPLIST_KEY_UILaunchScreen_Generation = YES;
				INFOPLIST_KEY_UISupportedInterfaceOrientations_iPad = "UIInterfaceOrientationPortrait UIInterfaceOrientationPortraitUpsideDown UIInterfaceOrientationLandscapeLeft UIInterfaceOrientationLandscapeRight";
				INFOPLIST_KEY_UISupportedInterfaceOrientations_iPhone = "UIInterfaceOrientationPortrait UIInterfaceOrientationLandscapeLeft UIInterfaceOrientationLandscapeRight";
				IPHONEOS_DEPLOYMENT_TARGET = 15.0;
				LD_RUNPATH_SEARCH_PATHS = (
					"$(inherited)",
					"@executable_path/Frameworks",
				);
				MARKETING_VERSION = 0.0.1;
				OTHER_SWIFT_FLAGS = "";
				PRODUCT_BUNDLE_IDENTIFIER = com.vexa.Ambassador;
				PRODUCT_NAME = "$(TARGET_NAME)";
				SDKROOT = iphoneos;
				SWIFT_ACTIVE_COMPILATION_CONDITIONS = "DEBUG AMBASSADOR";
				SWIFT_EMIT_LOC_STRINGS = YES;
				SWIFT_VERSION = 5.0;
				TARGETED_DEVICE_FAMILY = "1,2";
			};
			name = Debug;
		};
		718F21492861266C00B2071D /* Release */ = {
			isa = XCBuildConfiguration;
			buildSettings = {
				ASSETCATALOG_COMPILER_APPICON_NAME = AppIcon;
				ASSETCATALOG_COMPILER_GLOBAL_ACCENT_COLOR_NAME = AccentColor;
				CODE_SIGN_ENTITLEMENTS = Ambassador/Ambassador.entitlements;
				CODE_SIGN_STYLE = Automatic;
				CURRENT_PROJECT_VERSION = 1;
				DEVELOPMENT_ASSET_PATHS = "\"Ambassador/Preview Content\"";
				DEVELOPMENT_TEAM = 98A95ZRNVF;
				ENABLE_PREVIEWS = YES;
				GENERATE_INFOPLIST_FILE = YES;
				INFOPLIST_KEY_UIApplicationSceneManifest_Generation = YES;
				INFOPLIST_KEY_UIApplicationSupportsIndirectInputEvents = YES;
				INFOPLIST_KEY_UILaunchScreen_Generation = YES;
				INFOPLIST_KEY_UISupportedInterfaceOrientations_iPad = "UIInterfaceOrientationPortrait UIInterfaceOrientationPortraitUpsideDown UIInterfaceOrientationLandscapeLeft UIInterfaceOrientationLandscapeRight";
				INFOPLIST_KEY_UISupportedInterfaceOrientations_iPhone = "UIInterfaceOrientationPortrait UIInterfaceOrientationLandscapeLeft UIInterfaceOrientationLandscapeRight";
				IPHONEOS_DEPLOYMENT_TARGET = 15.0;
				LD_RUNPATH_SEARCH_PATHS = (
					"$(inherited)",
					"@executable_path/Frameworks",
				);
				MARKETING_VERSION = 0.0.1;
				OTHER_SWIFT_FLAGS = "";
				PRODUCT_BUNDLE_IDENTIFIER = com.vexa.Ambassador;
				PRODUCT_NAME = "$(TARGET_NAME)";
				SDKROOT = iphoneos;
				SWIFT_ACTIVE_COMPILATION_CONDITIONS = AMBASSADOR;
				SWIFT_EMIT_LOC_STRINGS = YES;
				SWIFT_VERSION = 5.0;
				TARGETED_DEVICE_FAMILY = "1,2";
				VALIDATE_PRODUCT = YES;
			};
			name = Release;
		};
/* End XCBuildConfiguration section */

/* Begin XCConfigurationList section */
		714D903127BA69A300770F4E /* Build configuration list for PBXProject "VEXA" */ = {
			isa = XCConfigurationList;
			buildConfigurations = (
				714D904927BA69A500770F4E /* Debug */,
				714D904A27BA69A500770F4E /* Release */,
			);
			defaultConfigurationIsVisible = 0;
			defaultConfigurationName = Release;
		};
		714D904B27BA69A500770F4E /* Build configuration list for PBXNativeTarget "VEXA (iOS)" */ = {
			isa = XCConfigurationList;
			buildConfigurations = (
				714D904C27BA69A500770F4E /* Debug */,
				714D904D27BA69A500770F4E /* Release */,
			);
			defaultConfigurationIsVisible = 0;
			defaultConfigurationName = Release;
		};
		718F214A2861266C00B2071D /* Build configuration list for PBXNativeTarget "Ambassador" */ = {
			isa = XCConfigurationList;
			buildConfigurations = (
				718F21482861266C00B2071D /* Debug */,
				718F21492861266C00B2071D /* Release */,
			);
			defaultConfigurationIsVisible = 0;
			defaultConfigurationName = Release;
		};
/* End XCConfigurationList section */

/* Begin XCRemoteSwiftPackageReference section */
		71DD779727C40AFF006AB459 /* XCRemoteSwiftPackageReference "firebase-ios-sdk" */ = {
			isa = XCRemoteSwiftPackageReference;
			repositoryURL = "https://github.com/firebase/firebase-ios-sdk";
			requirement = {
				kind = upToNextMajorVersion;
				minimumVersion = 8.0.0;
			};
		};
/* End XCRemoteSwiftPackageReference section */

/* Begin XCSwiftPackageProductDependency section */
		718F214D286128DA00B2071D /* Analytics */ = {
			isa = XCSwiftPackageProductDependency;
			productName = Analytics;
		};
		718F21552861395C00B2071D /* AppFeature */ = {
			isa = XCSwiftPackageProductDependency;
			productName = AppFeature;
		};
		7194E7FC27BAA2C80022D043 /* AppFeature */ = {
			isa = XCSwiftPackageProductDependency;
			productName = AppFeature;
		};
		71DD779C27C4173A006AB459 /* Analytics */ = {
			isa = XCSwiftPackageProductDependency;
			productName = Analytics;
		};
/* End XCSwiftPackageProductDependency section */
	};
	rootObject = 714D902E27BA69A300770F4E /* Project object */;
}
